
Microsoft Visual Studio Solution File, Format Version 12.00
# Visual Studio Version 17
VisualStudioVersion = 17.0.31808.319
MinimumVisualStudioVersion = 10.0.40219.1
Project("{FAE04EC0-301F-11D3-BF4B-00C04F79EFBC}") = "WebApplication2022_Core_MVC_Repository", "WebApplication2022_Core_MVC_Repository.csproj", "{DBD38907-AFB0-43B8-9B76-3B758CA8FE3B}"
EndProject
Global
	GlobalSection(SolutionConfigurationPlatforms) = preSolution
		Debug|Any CPU = Debug|Any CPU
		Release|Any CPU = Release|Any CPU
	EndGlobalSection
	GlobalSection(ProjectConfigurationPlatforms) = postSolution
		{DBD38907-AFB0-43B8-9B76-3B758CA8FE3B}.Debug|Any CPU.ActiveCfg = Debug|Any CPU
		{DBD38907-AFB0-43B8-9B76-3B758CA8FE3B}.Debug|Any CPU.Build.0 = Debug|Any CPU
		{DBD38907-AFB0-43B8-9B76-3B758CA8FE3B}.Release|Any CPU.ActiveCfg = Release|Any CPU
		{DBD38907-AFB0-43B8-9B76-3B758CA8FE3B}.Release|Any CPU.Build.0 = Release|Any CPU
	EndGlobalSection
	GlobalSection(SolutionProperties) = preSolution
		HideSolutionNode = FALSE
	EndGlobalSection
	GlobalSection(ExtensibilityGlobals) = postSolution
		SolutionGuid = {E378A910-58D3-47EC-B429-387F03FB9784}
	EndGlobalSection
EndGlobal
